// !$*UTF8*$!
{
	archiveVersion = 1;
	classes = {
	};
	objectVersion = 50;
	objects = {

/* Begin PBXBuildFile section */
		574616A622F9987D00393590 /* AppDelegate.swift in Sources */ = {isa = PBXBuildFile; fileRef = 574616A522F9987D00393590 /* AppDelegate.swift */; };
		574616A822F9987D00393590 /* ViewController.swift in Sources */ = {isa = PBXBuildFile; fileRef = 574616A722F9987D00393590 /* ViewController.swift */; };
		574616AB22F9987D00393590 /* Main.storyboard in Resources */ = {isa = PBXBuildFile; fileRef = 574616A922F9987D00393590 /* Main.storyboard */; };
		574616AD22F9987F00393590 /* Assets.xcassets in Resources */ = {isa = PBXBuildFile; fileRef = 574616AC22F9987F00393590 /* Assets.xcassets */; };
		574616B022F9987F00393590 /* LaunchScreen.storyboard in Resources */ = {isa = PBXBuildFile; fileRef = 574616AE22F9987F00393590 /* LaunchScreen.storyboard */; };
		574616BB22F9987F00393590 /* rataraTests.swift in Sources */ = {isa = PBXBuildFile; fileRef = 574616BA22F9987F00393590 /* rataraTests.swift */; };
		574616C622F9987F00393590 /* rataraUITests.swift in Sources */ = {isa = PBXBuildFile; fileRef = 574616C522F9987F00393590 /* rataraUITests.swift */; };
/* End PBXBuildFile section */

/* Begin PBXContainerItemProxy section */
		574616B722F9987F00393590 /* PBXContainerItemProxy */ = {
			isa = PBXContainerItemProxy;
			containerPortal = 5746169A22F9987D00393590 /* Project object */;
			proxyType = 1;
			remoteGlobalIDString = 574616A122F9987D00393590;
			remoteInfo = ratara;
		};
		574616C222F9987F00393590 /* PBXContainerItemProxy */ = {
			isa = PBXContainerItemProxy;
			containerPortal = 5746169A22F9987D00393590 /* Project object */;
			proxyType = 1;
			remoteGlobalIDString = 574616A122F9987D00393590;
			remoteInfo = ratara;
		};
/* End PBXContainerItemProxy section */

/* Begin PBXFileReference section */
		574616A222F9987D00393590 /* ratara.app */ = {isa = PBXFileReference; explicitFileType = wrapper.application; includeInIndex = 0; path = ratara.app; sourceTree = BUILT_PRODUCTS_DIR; };
		574616A522F9987D00393590 /* AppDelegate.swift */ = {isa = PBXFileReference; lastKnownFileType = sourcecode.swift; path = AppDelegate.swift; sourceTree = "<group>"; };
		574616A722F9987D00393590 /* ViewController.swift */ = {isa = PBXFileReference; lastKnownFileType = sourcecode.swift; path = ViewController.swift; sourceTree = "<group>"; };
		574616AA22F9987D00393590 /* Base */ = {isa = PBXFileReference; lastKnownFileType = file.storyboard; name = Base; path = Base.lproj/Main.storyboard; sourceTree = "<group>"; };
		574616AC22F9987F00393590 /* Assets.xcassets */ = {isa = PBXFileReference; lastKnownFileType = folder.assetcatalog; path = Assets.xcassets; sourceTree = "<group>"; };
		574616AF22F9987F00393590 /* Base */ = {isa = PBXFileReference; lastKnownFileType = file.storyboard; name = Base; path = Base.lproj/LaunchScreen.storyboard; sourceTree = "<group>"; };
		574616B122F9987F00393590 /* Info.plist */ = {isa = PBXFileReference; lastKnownFileType = text.plist.xml; path = Info.plist; sourceTree = "<group>"; };
		574616B622F9987F00393590 /* rataraTests.xctest */ = {isa = PBXFileReference; explicitFileType = wrapper.cfbundle; includeInIndex = 0; path = rataraTests.xctest; sourceTree = BUILT_PRODUCTS_DIR; };
		574616BA22F9987F00393590 /* rataraTests.swift */ = {isa = PBXFileReference; lastKnownFileType = sourcecode.swift; path = rataraTests.swift; sourceTree = "<group>"; };
		574616BC22F9987F00393590 /* Info.plist */ = {isa = PBXFileReference; lastKnownFileType = text.plist.xml; path = Info.plist; sourceTree = "<group>"; };
		574616C122F9987F00393590 /* rataraUITests.xctest */ = {isa = PBXFileReference; explicitFileType = wrapper.cfbundle; includeInIndex = 0; path = rataraUITests.xctest; sourceTree = BUILT_PRODUCTS_DIR; };
		574616C522F9987F00393590 /* rataraUITests.swift */ = {isa = PBXFileReference; lastKnownFileType = sourcecode.swift; path = rataraUITests.swift; sourceTree = "<group>"; };
		574616C722F9987F00393590 /* Info.plist */ = {isa = PBXFileReference; lastKnownFileType = text.plist.xml; path = Info.plist; sourceTree = "<group>"; };
		574E39E6230FD392006571F9 /* Ratara-bridge-header.h */ = {isa = PBXFileReference; lastKnownFileType = sourcecode.c.h; path = "Ratara-bridge-header.h"; sourceTree = "<group>"; };
/* End PBXFileReference section */

/* Begin PBXFrameworksBuildPhase section */
		5746169F22F9987D00393590 /* Frameworks */ = {
			isa = PBXFrameworksBuildPhase;
			buildActionMask = 2147483647;
			files = (
			);
			runOnlyForDeploymentPostprocessing = 0;
		};
		574616B322F9987F00393590 /* Frameworks */ = {
			isa = PBXFrameworksBuildPhase;
			buildActionMask = 2147483647;
			files = (
			);
			runOnlyForDeploymentPostprocessing = 0;
		};
		574616BE22F9987F00393590 /* Frameworks */ = {
			isa = PBXFrameworksBuildPhase;
			buildActionMask = 2147483647;
			files = (
			);
			runOnlyForDeploymentPostprocessing = 0;
		};
/* End PBXFrameworksBuildPhase section */

/* Begin PBXGroup section */
		5746169922F9987D00393590 = {
			isa = PBXGroup;
			children = (
				574616A422F9987D00393590 /* ratara */,
				574616B922F9987F00393590 /* rataraTests */,
				574616C422F9987F00393590 /* rataraUITests */,
				574616A322F9987D00393590 /* Products */,
			);
			sourceTree = "<group>";
		};
		574616A322F9987D00393590 /* Products */ = {
			isa = PBXGroup;
			children = (
				574616A222F9987D00393590 /* ratara.app */,
				574616B622F9987F00393590 /* rataraTests.xctest */,
				574616C122F9987F00393590 /* rataraUITests.xctest */,
			);
			name = Products;
			sourceTree = "<group>";
		};
		574616A422F9987D00393590 /* ratara */ = {
			isa = PBXGroup;
			children = (
				574616A522F9987D00393590 /* AppDelegate.swift */,
				574616A722F9987D00393590 /* ViewController.swift */,
				574616A922F9987D00393590 /* Main.storyboard */,
				574616AC22F9987F00393590 /* Assets.xcassets */,
				574616AE22F9987F00393590 /* LaunchScreen.storyboard */,
				574616B122F9987F00393590 /* Info.plist */,
				574E39E6230FD392006571F9 /* Ratara-bridge-header.h */,
			);
			path = ratara;
			sourceTree = "<group>";
		};
		574616B922F9987F00393590 /* rataraTests */ = {
			isa = PBXGroup;
			children = (
				574616BA22F9987F00393590 /* rataraTests.swift */,
				574616BC22F9987F00393590 /* Info.plist */,
			);
			path = rataraTests;
			sourceTree = "<group>";
		};
		574616C422F9987F00393590 /* rataraUITests */ = {
			isa = PBXGroup;
			children = (
				574616C522F9987F00393590 /* rataraUITests.swift */,
				574616C722F9987F00393590 /* Info.plist */,
			);
			path = rataraUITests;
			sourceTree = "<group>";
		};
/* End PBXGroup section */

/* Begin PBXNativeTarget section */
		574616A122F9987D00393590 /* ratara */ = {
			isa = PBXNativeTarget;
			buildConfigurationList = 574616CA22F9987F00393590 /* Build configuration list for PBXNativeTarget "ratara" */;
			buildPhases = (
				5746169E22F9987D00393590 /* Sources */,
				5746169F22F9987D00393590 /* Frameworks */,
				574616A022F9987D00393590 /* Resources */,
			);
			buildRules = (
			);
			dependencies = (
			);
			name = ratara;
			productName = ratara;
			productReference = 574616A222F9987D00393590 /* ratara.app */;
			productType = "com.apple.product-type.application";
		};
		574616B522F9987F00393590 /* rataraTests */ = {
			isa = PBXNativeTarget;
			buildConfigurationList = 574616CD22F9987F00393590 /* Build configuration list for PBXNativeTarget "rataraTests" */;
			buildPhases = (
				574616B222F9987F00393590 /* Sources */,
				574616B322F9987F00393590 /* Frameworks */,
				574616B422F9987F00393590 /* Resources */,
			);
			buildRules = (
			);
			dependencies = (
				574616B822F9987F00393590 /* PBXTargetDependency */,
			);
			name = rataraTests;
			productName = rataraTests;
			productReference = 574616B622F9987F00393590 /* rataraTests.xctest */;
			productType = "com.apple.product-type.bundle.unit-test";
		};
		574616C022F9987F00393590 /* rataraUITests */ = {
			isa = PBXNativeTarget;
			buildConfigurationList = 574616D022F9987F00393590 /* Build configuration list for PBXNativeTarget "rataraUITests" */;
			buildPhases = (
				574616BD22F9987F00393590 /* Sources */,
				574616BE22F9987F00393590 /* Frameworks */,
				574616BF22F9987F00393590 /* Resources */,
			);
			buildRules = (
			);
			dependencies = (
				574616C322F9987F00393590 /* PBXTargetDependency */,
			);
			name = rataraUITests;
			productName = rataraUITests;
			productReference = 574616C122F9987F00393590 /* rataraUITests.xctest */;
			productType = "com.apple.product-type.bundle.ui-testing";
		};
/* End PBXNativeTarget section */

/* Begin PBXProject section */
		5746169A22F9987D00393590 /* Project object */ = {
			isa = PBXProject;
			attributes = {
				LastSwiftUpdateCheck = 1030;
				LastUpgradeCheck = 1030;
				ORGANIZATIONNAME = "澤田　雄一";
				TargetAttributes = {
					574616A122F9987D00393590 = {
						CreatedOnToolsVersion = 10.3;
					};
					574616B522F9987F00393590 = {
						CreatedOnToolsVersion = 10.3;
						TestTargetID = 574616A122F9987D00393590;
					};
					574616C022F9987F00393590 = {
						CreatedOnToolsVersion = 10.3;
						TestTargetID = 574616A122F9987D00393590;
					};
				};
			};
			buildConfigurationList = 5746169D22F9987D00393590 /* Build configuration list for PBXProject "ratara" */;
			compatibilityVersion = "Xcode 9.3";
			developmentRegion = en;
			hasScannedForEncodings = 0;
			knownRegions = (
				en,
				Base,
			);
			mainGroup = 5746169922F9987D00393590;
			productRefGroup = 574616A322F9987D00393590 /* Products */;
			projectDirPath = "";
			projectRoot = "";
			targets = (
				574616A122F9987D00393590 /* ratara */,
				574616B522F9987F00393590 /* rataraTests */,
				574616C022F9987F00393590 /* rataraUITests */,
			);
		};
/* End PBXProject section */

/* Begin PBXResourcesBuildPhase section */
		574616A022F9987D00393590 /* Resources */ = {
			isa = PBXResourcesBuildPhase;
			buildActionMask = 2147483647;
			files = (
				574616B022F9987F00393590 /* LaunchScreen.storyboard in Resources */,
				574616AD22F9987F00393590 /* Assets.xcassets in Resources */,
				574616AB22F9987D00393590 /* Main.storyboard in Resources */,
			);
			runOnlyForDeploymentPostprocessing = 0;
		};
		574616B422F9987F00393590 /* Resources */ = {
			isa = PBXResourcesBuildPhase;
			buildActionMask = 2147483647;
			files = (
			);
			runOnlyForDeploymentPostprocessing = 0;
		};
		574616BF22F9987F00393590 /* Resources */ = {
			isa = PBXResourcesBuildPhase;
			buildActionMask = 2147483647;
			files = (
			);
			runOnlyForDeploymentPostprocessing = 0;
		};
/* End PBXResourcesBuildPhase section */

/* Begin PBXSourcesBuildPhase section */
		5746169E22F9987D00393590 /* Sources */ = {
			isa = PBXSourcesBuildPhase;
			buildActionMask = 2147483647;
			files = (
				574616A822F9987D00393590 /* ViewController.swift in Sources */,
				574616A622F9987D00393590 /* AppDelegate.swift in Sources */,
			);
			runOnlyForDeploymentPostprocessing = 0;
		};
		574616B222F9987F00393590 /* Sources */ = {
			isa = PBXSourcesBuildPhase;
			buildActionMask = 2147483647;
			files = (
				574616BB22F9987F00393590 /* rataraTests.swift in Sources */,
			);
			runOnlyForDeploymentPostprocessing = 0;
		};
		574616BD22F9987F00393590 /* Sources */ = {
			isa = PBXSourcesBuildPhase;
			buildActionMask = 2147483647;
			files = (
				574616C622F9987F00393590 /* rataraUITests.swift in Sources */,
			);
			runOnlyForDeploymentPostprocessing = 0;
		};
/* End PBXSourcesBuildPhase section */

/* Begin PBXTargetDependency section */
		574616B822F9987F00393590 /* PBXTargetDependency */ = {
			isa = PBXTargetDependency;
			target = 574616A122F9987D00393590 /* ratara */;
			targetProxy = 574616B722F9987F00393590 /* PBXContainerItemProxy */;
		};
		574616C322F9987F00393590 /* PBXTargetDependency */ = {
			isa = PBXTargetDependency;
			target = 574616A122F9987D00393590 /* ratara */;
			targetProxy = 574616C222F9987F00393590 /* PBXContainerItemProxy */;
		};
/* End PBXTargetDependency section */

/* Begin PBXVariantGroup section */
		574616A922F9987D00393590 /* Main.storyboard */ = {
			isa = PBXVariantGroup;
			children = (
				574616AA22F9987D00393590 /* Base */,
			);
			name = Main.storyboard;
			sourceTree = "<group>";
		};
		574616AE22F9987F00393590 /* LaunchScreen.storyboard */ = {
			isa = PBXVariantGroup;
			children = (
				574616AF22F9987F00393590 /* Base */,
			);
			name = LaunchScreen.storyboard;
			sourceTree = "<group>";
		};
/* End PBXVariantGroup section */

/* Begin XCBuildConfiguration section */
		574616C822F9987F00393590 /* Debug */ = {
			isa = XCBuildConfiguration;
			buildSettings = {
				ALWAYS_SEARCH_USER_PATHS = NO;
				CLANG_ANALYZER_NONNULL = YES;
				CLANG_ANALYZER_NUMBER_OBJECT_CONVERSION = YES_AGGRESSIVE;
				CLANG_CXX_LANGUAGE_STANDARD = "gnu++14";
				CLANG_CXX_LIBRARY = "libc++";
				CLANG_ENABLE_MODULES = YES;
				CLANG_ENABLE_OBJC_ARC = YES;
				CLANG_ENABLE_OBJC_WEAK = YES;
				CLANG_WARN_BLOCK_CAPTURE_AUTORELEASING = YES;
				CLANG_WARN_BOOL_CONVERSION = YES;
				CLANG_WARN_COMMA = YES;
				CLANG_WARN_CONSTANT_CONVERSION = YES;
				CLANG_WARN_DEPRECATED_OBJC_IMPLEMENTATIONS = YES;
				CLANG_WARN_DIRECT_OBJC_ISA_USAGE = YES_ERROR;
				CLANG_WARN_DOCUMENTATION_COMMENTS = YES;
				CLANG_WARN_EMPTY_BODY = YES;
				CLANG_WARN_ENUM_CONVERSION = YES;
				CLANG_WARN_INFINITE_RECURSION = YES;
				CLANG_WARN_INT_CONVERSION = YES;
				CLANG_WARN_NON_LITERAL_NULL_CONVERSION = YES;
				CLANG_WARN_OBJC_IMPLICIT_RETAIN_SELF = YES;
				CLANG_WARN_OBJC_LITERAL_CONVERSION = YES;
				CLANG_WARN_OBJC_ROOT_CLASS = YES_ERROR;
				CLANG_WARN_RANGE_LOOP_ANALYSIS = YES;
				CLANG_WARN_STRICT_PROTOTYPES = YES;
				CLANG_WARN_SUSPICIOUS_MOVE = YES;
				CLANG_WARN_UNGUARDED_AVAILABILITY = YES_AGGRESSIVE;
				CLANG_WARN_UNREACHABLE_CODE = YES;
				CLANG_WARN__DUPLICATE_METHOD_MATCH = YES;
				CODE_SIGN_IDENTITY = "iPhone Developer";
				COPY_PHASE_STRIP = NO;
				DEBUG_INFORMATION_FORMAT = dwarf;
				ENABLE_STRICT_OBJC_MSGSEND = YES;
				ENABLE_TESTABILITY = YES;
				GCC_C_LANGUAGE_STANDARD = gnu11;
				GCC_DYNAMIC_NO_PIC = NO;
				GCC_NO_COMMON_BLOCKS = YES;
				GCC_OPTIMIZATION_LEVEL = 0;
				GCC_PREPROCESSOR_DEFINITIONS = (
					"DEBUG=1",
					"$(inherited)",
				);
				GCC_WARN_64_TO_32_BIT_CONVERSION = YES;
				GCC_WARN_ABOUT_RETURN_TYPE = YES_ERROR;
				GCC_WARN_UNDECLARED_SELECTOR = YES;
				GCC_WARN_UNINITIALIZED_AUTOS = YES_AGGRESSIVE;
				GCC_WARN_UNUSED_FUNCTION = YES;
				GCC_WARN_UNUSED_VARIABLE = YES;
				IPHONEOS_DEPLOYMENT_TARGET = 12.4;
				MTL_ENABLE_DEBUG_INFO = INCLUDE_SOURCE;
				MTL_FAST_MATH = YES;
				ONLY_ACTIVE_ARCH = YES;
				SDKROOT = iphoneos;
				SWIFT_ACTIVE_COMPILATION_CONDITIONS = DEBUG;
				SWIFT_OPTIMIZATION_LEVEL = "-Onone";
			};
			name = Debug;
		};
		574616C922F9987F00393590 /* Release */ = {
			isa = XCBuildConfiguration;
			buildSettings = {
				ALWAYS_SEARCH_USER_PATHS = NO;
				CLANG_ANALYZER_NONNULL = YES;
				CLANG_ANALYZER_NUMBER_OBJECT_CONVERSION = YES_AGGRESSIVE;
				CLANG_CXX_LANGUAGE_STANDARD = "gnu++14";
				CLANG_CXX_LIBRARY = "libc++";
				CLANG_ENABLE_MODULES = YES;
				CLANG_ENABLE_OBJC_ARC = YES;
				CLANG_ENABLE_OBJC_WEAK = YES;
				CLANG_WARN_BLOCK_CAPTURE_AUTORELEASING = YES;
				CLANG_WARN_BOOL_CONVERSION = YES;
				CLANG_WARN_COMMA = YES;
				CLANG_WARN_CONSTANT_CONVERSION = YES;
				CLANG_WARN_DEPRECATED_OBJC_IMPLEMENTATIONS = YES;
				CLANG_WARN_DIRECT_OBJC_ISA_USAGE = YES_ERROR;
				CLANG_WARN_DOCUMENTATION_COMMENTS = YES;
				CLANG_WARN_EMPTY_BODY = YES;
				CLANG_WARN_ENUM_CONVERSION = YES;
				CLANG_WARN_INFINITE_RECURSION = YES;
				CLANG_WARN_INT_CONVERSION = YES;
				CLANG_WARN_NON_LITERAL_NULL_CONVERSION = YES;
				CLANG_WARN_OBJC_IMPLICIT_RETAIN_SELF = YES;
				CLANG_WARN_OBJC_LITERAL_CONVERSION = YES;
				CLANG_WARN_OBJC_ROOT_CLASS = YES_ERROR;
				CLANG_WARN_RANGE_LOOP_ANALYSIS = YES;
				CLANG_WARN_STRICT_PROTOTYPES = YES;
				CLANG_WARN_SUSPICIOUS_MOVE = YES;
				CLANG_WARN_UNGUARDED_AVAILABILITY = YES_AGGRESSIVE;
				CLANG_WARN_UNREACHABLE_CODE = YES;
				CLANG_WARN__DUPLICATE_METHOD_MATCH = YES;
				CODE_SIGN_IDENTITY = "iPhone Developer";
				COPY_PHASE_STRIP = NO;
				DEBUG_INFORMATION_FORMAT = "dwarf-with-dsym";
				ENABLE_NS_ASSERTIONS = NO;
				ENABLE_STRICT_OBJC_MSGSEND = YES;
				GCC_C_LANGUAGE_STANDARD = gnu11;
				GCC_NO_COMMON_BLOCKS = YES;
				GCC_WARN_64_TO_32_BIT_CONVERSION = YES;
				GCC_WARN_ABOUT_RETURN_TYPE = YES_ERROR;
				GCC_WARN_UNDECLARED_SELECTOR = YES;
				GCC_WARN_UNINITIALIZED_AUTOS = YES_AGGRESSIVE;
				GCC_WARN_UNUSED_FUNCTION = YES;
				GCC_WARN_UNUSED_VARIABLE = YES;
				IPHONEOS_DEPLOYMENT_TARGET = 12.4;
				MTL_ENABLE_DEBUG_INFO = NO;
				MTL_FAST_MATH = YES;
				SDKROOT = iphoneos;
				SWIFT_COMPILATION_MODE = wholemodule;
				SWIFT_OPTIMIZATION_LEVEL = "-O";
				VALIDATE_PRODUCT = YES;
			};
			name = Release;
		};
		574616CB22F9987F00393590 /* Debug */ = {
			isa = XCBuildConfiguration;
			buildSettings = {
				ASSETCATALOG_COMPILER_APPICON_NAME = AppIcon;
				CODE_SIGN_STYLE = Automatic;
				DEVELOPMENT_TEAM = DQUR3JM8V4;
				INFOPLIST_FILE = ratara/Info.plist;
				LD_RUNPATH_SEARCH_PATHS = (
					"$(inherited)",
					"@executable_path/Frameworks",
				);
				PRODUCT_BUNDLE_IDENTIFIER = ysawada.ratara;
				PRODUCT_NAME = "$(TARGET_NAME)";
				SWIFT_VERSION = 5.0;
				TARGETED_DEVICE_FAMILY = "1,2";
			};
			name = Debug;
		};
		574616CC22F9987F00393590 /* Release */ = {
			isa = XCBuildConfiguration;
			buildSettings = {
				ASSETCATALOG_COMPILER_APPICON_NAME = AppIcon;
				CODE_SIGN_STYLE = Automatic;
				DEVELOPMENT_TEAM = DQUR3JM8V4;
				INFOPLIST_FILE = ratara/Info.plist;
				LD_RUNPATH_SEARCH_PATHS = (
					"$(inherited)",
					"@executable_path/Frameworks",
				);
				PRODUCT_BUNDLE_IDENTIFIER = ysawada.ratara;
				PRODUCT_NAME = "$(TARGET_NAME)";
				SWIFT_VERSION = 5.0;
				TARGETED_DEVICE_FAMILY = "1,2";
			};
			name = Release;
		};
		574616CE22F9987F00393590 /* Debug */ = {
			isa = XCBuildConfiguration;
			buildSettings = {
				ALWAYS_EMBED_SWIFT_STANDARD_LIBRARIES = YES;
				BUNDLE_LOADER = "$(TEST_HOST)";
				CODE_SIGN_STYLE = Automatic;
				INFOPLIST_FILE = rataraTests/Info.plist;
				LD_RUNPATH_SEARCH_PATHS = (
					"$(inherited)",
					"@executable_path/Frameworks",
					"@loader_path/Frameworks",
				);
				PRODUCT_BUNDLE_IDENTIFIER = ysawada.rataraTests;
				PRODUCT_NAME = "$(TARGET_NAME)";
				SWIFT_VERSION = 5.0;
				TARGETED_DEVICE_FAMILY = "1,2";
				TEST_HOST = "$(BUILT_PRODUCTS_DIR)/ratara.app/ratara";
			};
			name = Debug;
		};
		574616CF22F9987F00393590 /* Release */ = {
			isa = XCBuildConfiguration;
			buildSettings = {
				ALWAYS_EMBED_SWIFT_STANDARD_LIBRARIES = YES;
				BUNDLE_LOADER = "$(TEST_HOST)";
				CODE_SIGN_STYLE = Automatic;
				INFOPLIST_FILE = rataraTests/Info.plist;
				LD_RUNPATH_SEARCH_PATHS = (
					"$(inherited)",
					"@executable_path/Frameworks",
					"@loader_path/Frameworks",
				);
				PRODUCT_BUNDLE_IDENTIFIER = ysawada.rataraTests;
				PRODUCT_NAME = "$(TARGET_NAME)";
				SWIFT_VERSION = 5.0;
				TARGETED_DEVICE_FAMILY = "1,2";
				TEST_HOST = "$(BUILT_PRODUCTS_DIR)/ratara.app/ratara";
			};
			name = Release;
		};
		574616D122F9987F00393590 /* Debug */ = {
			isa = XCBuildConfiguration;
			buildSettings = {
				ALWAYS_EMBED_SWIFT_STANDARD_LIBRARIES = YES;
				CODE_SIGN_STYLE = Automatic;
				INFOPLIST_FILE = rataraUITests/Info.plist;
				LD_RUNPATH_SEARCH_PATHS = (
					"$(inherited)",
					"@executable_path/Frameworks",
					"@loader_path/Frameworks",
				);
				PRODUCT_BUNDLE_IDENTIFIER = ysawada.rataraUITests;
				PRODUCT_NAME = "$(TARGET_NAME)";
				SWIFT_VERSION = 5.0;
				TARGETED_DEVICE_FAMILY = "1,2";
				TEST_TARGET_NAME = ratara;
			};
			name = Debug;
		};
		574616D222F9987F00393590 /* Release */ = {
			isa = XCBuildConfiguration;
			buildSettings = {
				ALWAYS_EMBED_SWIFT_STANDARD_LIBRARIES = YES;
				CODE_SIGN_STYLE = Automatic;
				INFOPLIST_FILE = rataraUITests/Info.plist;
				LD_RUNPATH_SEARCH_PATHS = (
					"$(inherited)",
					"@executable_path/Frameworks",
					"@loader_path/Frameworks",
				);
				PRODUCT_BUNDLE_IDENTIFIER = ysawada.rataraUITests;
				PRODUCT_NAME = "$(TARGET_NAME)";
				SWIFT_VERSION = 5.0;
				TARGETED_DEVICE_FAMILY = "1,2";
				TEST_TARGET_NAME = ratara;
			};
			name = Release;
		};
/* End XCBuildConfiguration section */

/* Begin XCConfigurationList section */
		5746169D22F9987D00393590 /* Build configuration list for PBXProject "ratara" */ = {
			isa = XCConfigurationList;
			buildConfigurations = (
				574616C822F9987F00393590 /* Debug */,
				574616C922F9987F00393590 /* Release */,
			);
			defaultConfigurationIsVisible = 0;
			defaultConfigurationName = Release;
		};
		574616CA22F9987F00393590 /* Build configuration list for PBXNativeTarget "ratara" */ = {
			isa = XCConfigurationList;
			buildConfigurations = (
				574616CB22F9987F00393590 /* Debug */,
				574616CC22F9987F00393590 /* Release */,
			);
			defaultConfigurationIsVisible = 0;
			defaultConfigurationName = Release;
		};
		574616CD22F9987F00393590 /* Build configuration list for PBXNativeTarget "rataraTests" */ = {
			isa = XCConfigurationList;
			buildConfigurations = (
				574616CE22F9987F00393590 /* Debug */,
				574616CF22F9987F00393590 /* Release */,
			);
			defaultConfigurationIsVisible = 0;
			defaultConfigurationName = Release;
		};
		574616D022F9987F00393590 /* Build configuration list for PBXNativeTarget "rataraUITests" */ = {
			isa = XCConfigurationList;
			buildConfigurations = (
				574616D122F9987F00393590 /* Debug */,
				574616D222F9987F00393590 /* Release */,
			);
			defaultConfigurationIsVisible = 0;
			defaultConfigurationName = Release;
		};
/* End XCConfigurationList section */
	};
	rootObject = 5746169A22F9987D00393590 /* Project object */;
}
